// !$*UTF8*$!
{
	archiveVersion = 1;
	classes = {
	};
	objectVersion = 46;
	objects = {

/* Begin PBXBuildFile section */
		7E77C2CC16C03EEB00E2E8AD /* UIKit.framework in Frameworks */ = {isa = PBXBuildFile; fileRef = 7E77C2CB16C03EEB00E2E8AD /* UIKit.framework */; };
		7E77C2CE16C03EEB00E2E8AD /* Foundation.framework in Frameworks */ = {isa = PBXBuildFile; fileRef = 7E77C2CD16C03EEB00E2E8AD /* Foundation.framework */; };
		7E77C2D016C03EEB00E2E8AD /* CoreGraphics.framework in Frameworks */ = {isa = PBXBuildFile; fileRef = 7E77C2CF16C03EEB00E2E8AD /* CoreGraphics.framework */; };
		7E77C2D216C03EEB00E2E8AD /* CoreData.framework in Frameworks */ = {isa = PBXBuildFile; fileRef = 7E77C2D116C03EEB00E2E8AD /* CoreData.framework */; };
		7E77C2D816C03EEB00E2E8AD /* InfoPlist.strings in Resources */ = {isa = PBXBuildFile; fileRef = 7E77C2D616C03EEB00E2E8AD /* InfoPlist.strings */; };
		7E77C2DA16C03EEB00E2E8AD /* main.m in Sources */ = {isa = PBXBuildFile; fileRef = 7E77C2D916C03EEB00E2E8AD /* main.m */; };
		7E77C2DE16C03EEB00E2E8AD /* CSAppDelegate.m in Sources */ = {isa = PBXBuildFile; fileRef = 7E77C2DD16C03EEB00E2E8AD /* CSAppDelegate.m */; };
		7E77C2E016C03EEB00E2E8AD /* Default.png in Resources */ = {isa = PBXBuildFile; fileRef = 7E77C2DF16C03EEB00E2E8AD /* Default.png */; };
		7E77C2E216C03EEB00E2E8AD /* Default@2x.png in Resources */ = {isa = PBXBuildFile; fileRef = 7E77C2E116C03EEB00E2E8AD /* Default@2x.png */; };
		7E77C2E416C03EEB00E2E8AD /* Default-568h@2x.png in Resources */ = {isa = PBXBuildFile; fileRef = 7E77C2E316C03EEB00E2E8AD /* Default-568h@2x.png */; };
		7E77C2E716C03EEB00E2E8AD /* Photos.xcdatamodeld in Sources */ = {isa = PBXBuildFile; fileRef = 7E77C2E516C03EEB00E2E8AD /* Photos.xcdatamodeld */; };
		7E77C30716C0434E00E2E8AD /* AFHTTPClient.m in Sources */ = {isa = PBXBuildFile; fileRef = 7E77C2F516C0434E00E2E8AD /* AFHTTPClient.m */; };
		7E77C30816C0434E00E2E8AD /* AFHTTPRequestOperation.m in Sources */ = {isa = PBXBuildFile; fileRef = 7E77C2F716C0434E00E2E8AD /* AFHTTPRequestOperation.m */; };
		7E77C30916C0434E00E2E8AD /* AFImageRequestOperation.m in Sources */ = {isa = PBXBuildFile; fileRef = 7E77C2F916C0434E00E2E8AD /* AFImageRequestOperation.m */; };
		7E77C30A16C0434E00E2E8AD /* AFJSONRequestOperation.m in Sources */ = {isa = PBXBuildFile; fileRef = 7E77C2FB16C0434E00E2E8AD /* AFJSONRequestOperation.m */; };
		7E77C30B16C0434E00E2E8AD /* AFNetworkActivityIndicatorManager.m in Sources */ = {isa = PBXBuildFile; fileRef = 7E77C2FD16C0434E00E2E8AD /* AFNetworkActivityIndicatorManager.m */; };
		7E77C30C16C0434E00E2E8AD /* AFPropertyListRequestOperation.m in Sources */ = {isa = PBXBuildFile; fileRef = 7E77C30016C0434E00E2E8AD /* AFPropertyListRequestOperation.m */; };
		7E77C30D16C0434E00E2E8AD /* AFURLConnectionOperation.m in Sources */ = {isa = PBXBuildFile; fileRef = 7E77C30216C0434E00E2E8AD /* AFURLConnectionOperation.m */; };
		7E77C30E16C0434E00E2E8AD /* AFXMLRequestOperation.m in Sources */ = {isa = PBXBuildFile; fileRef = 7E77C30416C0434E00E2E8AD /* AFXMLRequestOperation.m */; };
		7E77C30F16C0434E00E2E8AD /* UIImageView+AFNetworking.m in Sources */ = {isa = PBXBuildFile; fileRef = 7E77C30616C0434E00E2E8AD /* UIImageView+AFNetworking.m */; };
		7E77C31116C0437100E2E8AD /* MobileCoreServices.framework in Frameworks */ = {isa = PBXBuildFile; fileRef = 7E77C31016C0437100E2E8AD /* MobileCoreServices.framework */; };
		7E77C31316C0437500E2E8AD /* SystemConfiguration.framework in Frameworks */ = {isa = PBXBuildFile; fileRef = 7E77C31216C0437500E2E8AD /* SystemConfiguration.framework */; };
		7E77C31616C043A400E2E8AD /* CSPhotosViewController.m in Sources */ = {isa = PBXBuildFile; fileRef = 7E77C31516C043A400E2E8AD /* CSPhotosViewController.m */; };
		7E77C31916C043B000E2E8AD /* CSPhotoCell.m in Sources */ = {isa = PBXBuildFile; fileRef = 7E77C31816C043B000E2E8AD /* CSPhotoCell.m */; };
		7E77C31C16C044F200E2E8AD /* CSPhotosAPIClient.m in Sources */ = {isa = PBXBuildFile; fileRef = 7E77C31B16C044F200E2E8AD /* CSPhotosAPIClient.m */; };
		7E77C31F16C049E800E2E8AD /* CSPhotoDetailViewController.m in Sources */ = {isa = PBXBuildFile; fileRef = 7E77C31E16C049E800E2E8AD /* CSPhotoDetailViewController.m */; };
		7E77C32216C04E7600E2E8AD /* CSPhotosAPIClientConstants.m in Sources */ = {isa = PBXBuildFile; fileRef = 7E77C32116C04E7600E2E8AD /* CSPhotosAPIClientConstants.m */; };
/* End PBXBuildFile section */

/* Begin PBXFileReference section */
		7E77C2C816C03EEB00E2E8AD /* Photos.app */ = {isa = PBXFileReference; explicitFileType = wrapper.application; includeInIndex = 0; path = Photos.app; sourceTree = BUILT_PRODUCTS_DIR; };
		7E77C2CB16C03EEB00E2E8AD /* UIKit.framework */ = {isa = PBXFileReference; lastKnownFileType = wrapper.framework; name = UIKit.framework; path = System/Library/Frameworks/UIKit.framework; sourceTree = SDKROOT; };
		7E77C2CD16C03EEB00E2E8AD /* Foundation.framework */ = {isa = PBXFileReference; lastKnownFileType = wrapper.framework; name = Foundation.framework; path = System/Library/Frameworks/Foundation.framework; sourceTree = SDKROOT; };
		7E77C2CF16C03EEB00E2E8AD /* CoreGraphics.framework */ = {isa = PBXFileReference; lastKnownFileType = wrapper.framework; name = CoreGraphics.framework; path = System/Library/Frameworks/CoreGraphics.framework; sourceTree = SDKROOT; };
		7E77C2D116C03EEB00E2E8AD /* CoreData.framework */ = {isa = PBXFileReference; lastKnownFileType = wrapper.framework; name = CoreData.framework; path = System/Library/Frameworks/CoreData.framework; sourceTree = SDKROOT; };
		7E77C2D516C03EEB00E2E8AD /* Photos-Info.plist */ = {isa = PBXFileReference; lastKnownFileType = text.plist.xml; path = "Photos-Info.plist"; sourceTree = "<group>"; };
		7E77C2D716C03EEB00E2E8AD /* en */ = {isa = PBXFileReference; lastKnownFileType = text.plist.strings; name = en; path = en.lproj/InfoPlist.strings; sourceTree = "<group>"; };
		7E77C2D916C03EEB00E2E8AD /* main.m */ = {isa = PBXFileReference; lastKnownFileType = sourcecode.c.objc; path = main.m; sourceTree = "<group>"; };
		7E77C2DB16C03EEB00E2E8AD /* Photos-Prefix.pch */ = {isa = PBXFileReference; lastKnownFileType = sourcecode.c.h; path = "Photos-Prefix.pch"; sourceTree = "<group>"; };
		7E77C2DC16C03EEB00E2E8AD /* CSAppDelegate.h */ = {isa = PBXFileReference; lastKnownFileType = sourcecode.c.h; path = CSAppDelegate.h; sourceTree = "<group>"; };
		7E77C2DD16C03EEB00E2E8AD /* CSAppDelegate.m */ = {isa = PBXFileReference; lastKnownFileType = sourcecode.c.objc; path = CSAppDelegate.m; sourceTree = "<group>"; };
		7E77C2DF16C03EEB00E2E8AD /* Default.png */ = {isa = PBXFileReference; lastKnownFileType = image.png; path = Default.png; sourceTree = "<group>"; };
		7E77C2E116C03EEB00E2E8AD /* Default@2x.png */ = {isa = PBXFileReference; lastKnownFileType = image.png; path = "Default@2x.png"; sourceTree = "<group>"; };
		7E77C2E316C03EEB00E2E8AD /* Default-568h@2x.png */ = {isa = PBXFileReference; lastKnownFileType = image.png; path = "Default-568h@2x.png"; sourceTree = "<group>"; };
		7E77C2E616C03EEB00E2E8AD /* Photos.xcdatamodel */ = {isa = PBXFileReference; lastKnownFileType = wrapper.xcdatamodel; path = Photos.xcdatamodel; sourceTree = "<group>"; };
		7E77C2F416C0434E00E2E8AD /* AFHTTPClient.h */ = {isa = PBXFileReference; fileEncoding = 4; lastKnownFileType = sourcecode.c.h; path = AFHTTPClient.h; sourceTree = "<group>"; };
		7E77C2F516C0434E00E2E8AD /* AFHTTPClient.m */ = {isa = PBXFileReference; fileEncoding = 4; lastKnownFileType = sourcecode.c.objc; path = AFHTTPClient.m; sourceTree = "<group>"; };
		7E77C2F616C0434E00E2E8AD /* AFHTTPRequestOperation.h */ = {isa = PBXFileReference; fileEncoding = 4; lastKnownFileType = sourcecode.c.h; path = AFHTTPRequestOperation.h; sourceTree = "<group>"; };
		7E77C2F716C0434E00E2E8AD /* AFHTTPRequestOperation.m */ = {isa = PBXFileReference; fileEncoding = 4; lastKnownFileType = sourcecode.c.objc; path = AFHTTPRequestOperation.m; sourceTree = "<group>"; };
		7E77C2F816C0434E00E2E8AD /* AFImageRequestOperation.h */ = {isa = PBXFileReference; fileEncoding = 4; lastKnownFileType = sourcecode.c.h; path = AFImageRequestOperation.h; sourceTree = "<group>"; };
		7E77C2F916C0434E00E2E8AD /* AFImageRequestOperation.m */ = {isa = PBXFileReference; fileEncoding = 4; lastKnownFileType = sourcecode.c.objc; path = AFImageRequestOperation.m; sourceTree = "<group>"; };
		7E77C2FA16C0434E00E2E8AD /* AFJSONRequestOperation.h */ = {isa = PBXFileReference; fileEncoding = 4; lastKnownFileType = sourcecode.c.h; path = AFJSONRequestOperation.h; sourceTree = "<group>"; };
		7E77C2FB16C0434E00E2E8AD /* AFJSONRequestOperation.m */ = {isa = PBXFileReference; fileEncoding = 4; lastKnownFileType = sourcecode.c.objc; path = AFJSONRequestOperation.m; sourceTree = "<group>"; };
		7E77C2FC16C0434E00E2E8AD /* AFNetworkActivityIndicatorManager.h */ = {isa = PBXFileReference; fileEncoding = 4; lastKnownFileType = sourcecode.c.h; path = AFNetworkActivityIndicatorManager.h; sourceTree = "<group>"; };
		7E77C2FD16C0434E00E2E8AD /* AFNetworkActivityIndicatorManager.m */ = {isa = PBXFileReference; fileEncoding = 4; lastKnownFileType = sourcecode.c.objc; path = AFNetworkActivityIndicatorManager.m; sourceTree = "<group>"; };
		7E77C2FE16C0434E00E2E8AD /* AFNetworking.h */ = {isa = PBXFileReference; fileEncoding = 4; lastKnownFileType = sourcecode.c.h; path = AFNetworking.h; sourceTree = "<group>"; };
		7E77C2FF16C0434E00E2E8AD /* AFPropertyListRequestOperation.h */ = {isa = PBXFileReference; fileEncoding = 4; lastKnownFileType = sourcecode.c.h; path = AFPropertyListRequestOperation.h; sourceTree = "<group>"; };
		7E77C30016C0434E00E2E8AD /* AFPropertyListRequestOperation.m */ = {isa = PBXFileReference; fileEncoding = 4; lastKnownFileType = sourcecode.c.objc; path = AFPropertyListRequestOperation.m; sourceTree = "<group>"; };
		7E77C30116C0434E00E2E8AD /* AFURLConnectionOperation.h */ = {isa = PBXFileReference; fileEncoding = 4; lastKnownFileType = sourcecode.c.h; path = AFURLConnectionOperation.h; sourceTree = "<group>"; };
		7E77C30216C0434E00E2E8AD /* AFURLConnectionOperation.m */ = {isa = PBXFileReference; fileEncoding = 4; lastKnownFileType = sourcecode.c.objc; path = AFURLConnectionOperation.m; sourceTree = "<group>"; };
		7E77C30316C0434E00E2E8AD /* AFXMLRequestOperation.h */ = {isa = PBXFileReference; fileEncoding = 4; lastKnownFileType = sourcecode.c.h; path = AFXMLRequestOperation.h; sourceTree = "<group>"; };
		7E77C30416C0434E00E2E8AD /* AFXMLRequestOperation.m */ = {isa = PBXFileReference; fileEncoding = 4; lastKnownFileType = sourcecode.c.objc; path = AFXMLRequestOperation.m; sourceTree = "<group>"; };
		7E77C30516C0434E00E2E8AD /* UIImageView+AFNetworking.h */ = {isa = PBXFileReference; fileEncoding = 4; lastKnownFileType = sourcecode.c.h; path = "UIImageView+AFNetworking.h"; sourceTree = "<group>"; };
		7E77C30616C0434E00E2E8AD /* UIImageView+AFNetworking.m */ = {isa = PBXFileReference; fileEncoding = 4; lastKnownFileType = sourcecode.c.objc; path = "UIImageView+AFNetworking.m"; sourceTree = "<group>"; };
		7E77C31016C0437100E2E8AD /* MobileCoreServices.framework */ = {isa = PBXFileReference; lastKnownFileType = wrapper.framework; name = MobileCoreServices.framework; path = System/Library/Frameworks/MobileCoreServices.framework; sourceTree = SDKROOT; };
		7E77C31216C0437500E2E8AD /* SystemConfiguration.framework */ = {isa = PBXFileReference; lastKnownFileType = wrapper.framework; name = SystemConfiguration.framework; path = System/Library/Frameworks/SystemConfiguration.framework; sourceTree = SDKROOT; };
		7E77C31416C043A400E2E8AD /* CSPhotosViewController.h */ = {isa = PBXFileReference; fileEncoding = 4; lastKnownFileType = sourcecode.c.h; path = CSPhotosViewController.h; sourceTree = "<group>"; };
		7E77C31516C043A400E2E8AD /* CSPhotosViewController.m */ = {isa = PBXFileReference; fileEncoding = 4; lastKnownFileType = sourcecode.c.objc; path = CSPhotosViewController.m; sourceTree = "<group>"; };
		7E77C31716C043B000E2E8AD /* CSPhotoCell.h */ = {isa = PBXFileReference; fileEncoding = 4; lastKnownFileType = sourcecode.c.h; path = CSPhotoCell.h; sourceTree = "<group>"; };
		7E77C31816C043B000E2E8AD /* CSPhotoCell.m */ = {isa = PBXFileReference; fileEncoding = 4; lastKnownFileType = sourcecode.c.objc; path = CSPhotoCell.m; sourceTree = "<group>"; };
		7E77C31A16C044F200E2E8AD /* CSPhotosAPIClient.h */ = {isa = PBXFileReference; fileEncoding = 4; lastKnownFileType = sourcecode.c.h; path = CSPhotosAPIClient.h; sourceTree = "<group>"; };
		7E77C31B16C044F200E2E8AD /* CSPhotosAPIClient.m */ = {isa = PBXFileReference; fileEncoding = 4; lastKnownFileType = sourcecode.c.objc; path = CSPhotosAPIClient.m; sourceTree = "<group>"; };
		7E77C31D16C049E800E2E8AD /* CSPhotoDetailViewController.h */ = {isa = PBXFileReference; fileEncoding = 4; lastKnownFileType = sourcecode.c.h; path = CSPhotoDetailViewController.h; sourceTree = "<group>"; };
		7E77C31E16C049E800E2E8AD /* CSPhotoDetailViewController.m */ = {isa = PBXFileReference; fileEncoding = 4; lastKnownFileType = sourcecode.c.objc; path = CSPhotoDetailViewController.m; sourceTree = "<group>"; };
		7E77C32016C04E7600E2E8AD /* CSPhotosAPIClientConstants.h */ = {isa = PBXFileReference; fileEncoding = 4; lastKnownFileType = sourcecode.c.h; path = CSPhotosAPIClientConstants.h; sourceTree = "<group>"; };
		7E77C32116C04E7600E2E8AD /* CSPhotosAPIClientConstants.m */ = {isa = PBXFileReference; fileEncoding = 4; lastKnownFileType = sourcecode.c.objc; path = CSPhotosAPIClientConstants.m; sourceTree = "<group>"; };
/* End PBXFileReference section */

/* Begin PBXFrameworksBuildPhase section */
		7E77C2C516C03EEB00E2E8AD /* Frameworks */ = {
			isa = PBXFrameworksBuildPhase;
			buildActionMask = 2147483647;
			files = (
				7E77C31316C0437500E2E8AD /* SystemConfiguration.framework in Frameworks */,
				7E77C31116C0437100E2E8AD /* MobileCoreServices.framework in Frameworks */,
				7E77C2CC16C03EEB00E2E8AD /* UIKit.framework in Frameworks */,
				7E77C2CE16C03EEB00E2E8AD /* Foundation.framework in Frameworks */,
				7E77C2D016C03EEB00E2E8AD /* CoreGraphics.framework in Frameworks */,
				7E77C2D216C03EEB00E2E8AD /* CoreData.framework in Frameworks */,
			);
			runOnlyForDeploymentPostprocessing = 0;
		};
/* End PBXFrameworksBuildPhase section */

/* Begin PBXGroup section */
		7E77C2BF16C03EEB00E2E8AD = {
			isa = PBXGroup;
			children = (
				7E77C2D316C03EEB00E2E8AD /* Photos */,
				7E77C2F216C0433000E2E8AD /* Vendor */,
				7E77C2CA16C03EEB00E2E8AD /* Frameworks */,
				7E77C2C916C03EEB00E2E8AD /* Products */,
			);
			sourceTree = "<group>";
		};
		7E77C2C916C03EEB00E2E8AD /* Products */ = {
			isa = PBXGroup;
			children = (
				7E77C2C816C03EEB00E2E8AD /* Photos.app */,
			);
			name = Products;
			sourceTree = "<group>";
		};
		7E77C2CA16C03EEB00E2E8AD /* Frameworks */ = {
			isa = PBXGroup;
			children = (
				7E77C31216C0437500E2E8AD /* SystemConfiguration.framework */,
				7E77C31016C0437100E2E8AD /* MobileCoreServices.framework */,
				7E77C2CB16C03EEB00E2E8AD /* UIKit.framework */,
				7E77C2CD16C03EEB00E2E8AD /* Foundation.framework */,
				7E77C2CF16C03EEB00E2E8AD /* CoreGraphics.framework */,
				7E77C2D116C03EEB00E2E8AD /* CoreData.framework */,
			);
			name = Frameworks;
			sourceTree = "<group>";
		};
		7E77C2D316C03EEB00E2E8AD /* Photos */ = {
			isa = PBXGroup;
			children = (
				7E77C2DC16C03EEB00E2E8AD /* CSAppDelegate.h */,
				7E77C2DD16C03EEB00E2E8AD /* CSAppDelegate.m */,
				7E77C31416C043A400E2E8AD /* CSPhotosViewController.h */,
				7E77C31516C043A400E2E8AD /* CSPhotosViewController.m */,
				7E77C31D16C049E800E2E8AD /* CSPhotoDetailViewController.h */,
				7E77C31E16C049E800E2E8AD /* CSPhotoDetailViewController.m */,
				7E77C31716C043B000E2E8AD /* CSPhotoCell.h */,
				7E77C31816C043B000E2E8AD /* CSPhotoCell.m */,
				7E77C31A16C044F200E2E8AD /* CSPhotosAPIClient.h */,
				7E77C31B16C044F200E2E8AD /* CSPhotosAPIClient.m */,
				7E77C32016C04E7600E2E8AD /* CSPhotosAPIClientConstants.h */,
				7E77C32116C04E7600E2E8AD /* CSPhotosAPIClientConstants.m */,
				7E77C2E516C03EEB00E2E8AD /* Photos.xcdatamodeld */,
				7E77C2D416C03EEB00E2E8AD /* Supporting Files */,
			);
			path = Photos;
			sourceTree = "<group>";
		};
		7E77C2D416C03EEB00E2E8AD /* Supporting Files */ = {
			isa = PBXGroup;
			children = (
				7E77C2D516C03EEB00E2E8AD /* Photos-Info.plist */,
				7E77C2D616C03EEB00E2E8AD /* InfoPlist.strings */,
				7E77C2D916C03EEB00E2E8AD /* main.m */,
				7E77C2DB16C03EEB00E2E8AD /* Photos-Prefix.pch */,
				7E77C2DF16C03EEB00E2E8AD /* Default.png */,
				7E77C2E116C03EEB00E2E8AD /* Default@2x.png */,
				7E77C2E316C03EEB00E2E8AD /* Default-568h@2x.png */,
			);
			name = "Supporting Files";
			sourceTree = "<group>";
		};
		7E77C2F216C0433000E2E8AD /* Vendor */ = {
			isa = PBXGroup;
			children = (
				7E77C2F316C0434E00E2E8AD /* AFNetworking */,
			);
			path = Vendor;
			sourceTree = "<group>";
		};
		7E77C2F316C0434E00E2E8AD /* AFNetworking */ = {
			isa = PBXGroup;
			children = (
				7E77C2F416C0434E00E2E8AD /* AFHTTPClient.h */,
				7E77C2F516C0434E00E2E8AD /* AFHTTPClient.m */,
				7E77C2F616C0434E00E2E8AD /* AFHTTPRequestOperation.h */,
				7E77C2F716C0434E00E2E8AD /* AFHTTPRequestOperation.m */,
				7E77C2F816C0434E00E2E8AD /* AFImageRequestOperation.h */,
				7E77C2F916C0434E00E2E8AD /* AFImageRequestOperation.m */,
				7E77C2FA16C0434E00E2E8AD /* AFJSONRequestOperation.h */,
				7E77C2FB16C0434E00E2E8AD /* AFJSONRequestOperation.m */,
				7E77C2FC16C0434E00E2E8AD /* AFNetworkActivityIndicatorManager.h */,
				7E77C2FD16C0434E00E2E8AD /* AFNetworkActivityIndicatorManager.m */,
				7E77C2FE16C0434E00E2E8AD /* AFNetworking.h */,
				7E77C2FF16C0434E00E2E8AD /* AFPropertyListRequestOperation.h */,
				7E77C30016C0434E00E2E8AD /* AFPropertyListRequestOperation.m */,
				7E77C30116C0434E00E2E8AD /* AFURLConnectionOperation.h */,
				7E77C30216C0434E00E2E8AD /* AFURLConnectionOperation.m */,
				7E77C30316C0434E00E2E8AD /* AFXMLRequestOperation.h */,
				7E77C30416C0434E00E2E8AD /* AFXMLRequestOperation.m */,
				7E77C30516C0434E00E2E8AD /* UIImageView+AFNetworking.h */,
				7E77C30616C0434E00E2E8AD /* UIImageView+AFNetworking.m */,
			);
			name = AFNetworking;
			path = AFNetworking/AFNetworking;
			sourceTree = "<group>";
		};
/* End PBXGroup section */

/* Begin PBXNativeTarget section */
		7E77C2C716C03EEB00E2E8AD /* Photos */ = {
			isa = PBXNativeTarget;
			buildConfigurationList = 7E77C2EA16C03EEB00E2E8AD /* Build configuration list for PBXNativeTarget "Photos" */;
			buildPhases = (
				7E77C2C416C03EEB00E2E8AD /* Sources */,
				7E77C2C516C03EEB00E2E8AD /* Frameworks */,
				7E77C2C616C03EEB00E2E8AD /* Resources */,
			);
			buildRules = (
			);
			dependencies = (
			);
			name = Photos;
			productName = Photos;
			productReference = 7E77C2C816C03EEB00E2E8AD /* Photos.app */;
			productType = "com.apple.product-type.application";
		};
/* End PBXNativeTarget section */

/* Begin PBXProject section */
		7E77C2C016C03EEB00E2E8AD /* Project object */ = {
			isa = PBXProject;
			attributes = {
				CLASSPREFIX = CS;
				LastUpgradeCheck = 0460;
				ORGANIZATIONNAME = "Cameron Spickert";
			};
			buildConfigurationList = 7E77C2C316C03EEB00E2E8AD /* Build configuration list for PBXProject "Photos" */;
			compatibilityVersion = "Xcode 3.2";
			developmentRegion = English;
			hasScannedForEncodings = 0;
			knownRegions = (
				en,
			);
			mainGroup = 7E77C2BF16C03EEB00E2E8AD;
			productRefGroup = 7E77C2C916C03EEB00E2E8AD /* Products */;
			projectDirPath = "";
			projectRoot = "";
			targets = (
				7E77C2C716C03EEB00E2E8AD /* Photos */,
			);
		};
/* End PBXProject section */

/* Begin PBXResourcesBuildPhase section */
		7E77C2C616C03EEB00E2E8AD /* Resources */ = {
			isa = PBXResourcesBuildPhase;
			buildActionMask = 2147483647;
			files = (
				7E77C2D816C03EEB00E2E8AD /* InfoPlist.strings in Resources */,
				7E77C2E016C03EEB00E2E8AD /* Default.png in Resources */,
				7E77C2E216C03EEB00E2E8AD /* Default@2x.png in Resources */,
				7E77C2E416C03EEB00E2E8AD /* Default-568h@2x.png in Resources */,
			);
			runOnlyForDeploymentPostprocessing = 0;
		};
/* End PBXResourcesBuildPhase section */

/* Begin PBXSourcesBuildPhase section */
		7E77C2C416C03EEB00E2E8AD /* Sources */ = {
			isa = PBXSourcesBuildPhase;
			buildActionMask = 2147483647;
			files = (
				7E77C2DA16C03EEB00E2E8AD /* main.m in Sources */,
				7E77C2DE16C03EEB00E2E8AD /* CSAppDelegate.m in Sources */,
				7E77C2E716C03EEB00E2E8AD /* Photos.xcdatamodeld in Sources */,
				7E77C30716C0434E00E2E8AD /* AFHTTPClient.m in Sources */,
				7E77C30816C0434E00E2E8AD /* AFHTTPRequestOperation.m in Sources */,
				7E77C30916C0434E00E2E8AD /* AFImageRequestOperation.m in Sources */,
				7E77C30A16C0434E00E2E8AD /* AFJSONRequestOperation.m in Sources */,
				7E77C30B16C0434E00E2E8AD /* AFNetworkActivityIndicatorManager.m in Sources */,
				7E77C30C16C0434E00E2E8AD /* AFPropertyListRequestOperation.m in Sources */,
				7E77C30D16C0434E00E2E8AD /* AFURLConnectionOperation.m in Sources */,
				7E77C30E16C0434E00E2E8AD /* AFXMLRequestOperation.m in Sources */,
				7E77C30F16C0434E00E2E8AD /* UIImageView+AFNetworking.m in Sources */,
				7E77C31616C043A400E2E8AD /* CSPhotosViewController.m in Sources */,
				7E77C31916C043B000E2E8AD /* CSPhotoCell.m in Sources */,
				7E77C31C16C044F200E2E8AD /* CSPhotosAPIClient.m in Sources */,
				7E77C31F16C049E800E2E8AD /* CSPhotoDetailViewController.m in Sources */,
				7E77C32216C04E7600E2E8AD /* CSPhotosAPIClientConstants.m in Sources */,
			);
			runOnlyForDeploymentPostprocessing = 0;
		};
/* End PBXSourcesBuildPhase section */

/* Begin PBXVariantGroup section */
		7E77C2D616C03EEB00E2E8AD /* InfoPlist.strings */ = {
			isa = PBXVariantGroup;
			children = (
				7E77C2D716C03EEB00E2E8AD /* en */,
			);
			name = InfoPlist.strings;
			sourceTree = "<group>";
		};
/* End PBXVariantGroup section */

/* Begin XCBuildConfiguration section */
		7E77C2E816C03EEB00E2E8AD /* Debug */ = {
			isa = XCBuildConfiguration;
			buildSettings = {
				ALWAYS_SEARCH_USER_PATHS = NO;
				CLANG_CXX_LANGUAGE_STANDARD = "gnu++0x";
				CLANG_CXX_LIBRARY = "libc++";
				CLANG_ENABLE_OBJC_ARC = YES;
				CLANG_WARN_CONSTANT_CONVERSION = YES;
				CLANG_WARN_EMPTY_BODY = YES;
				CLANG_WARN_ENUM_CONVERSION = YES;
				CLANG_WARN_INT_CONVERSION = YES;
				CLANG_WARN__DUPLICATE_METHOD_MATCH = YES;
				"CODE_SIGN_IDENTITY[sdk=iphoneos*]" = "iPhone Developer";
				COPY_PHASE_STRIP = NO;
				GCC_C_LANGUAGE_STANDARD = gnu99;
				GCC_DYNAMIC_NO_PIC = NO;
				GCC_OPTIMIZATION_LEVEL = 0;
				GCC_PREPROCESSOR_DEFINITIONS = (
					"DEBUG=1",
					"$(inherited)",
				);
				GCC_SYMBOLS_PRIVATE_EXTERN = NO;
				GCC_WARN_ABOUT_RETURN_TYPE = YES;
				GCC_WARN_UNINITIALIZED_AUTOS = YES;
				GCC_WARN_UNUSED_VARIABLE = YES;
				IPHONEOS_DEPLOYMENT_TARGET = 6.1;
				ONLY_ACTIVE_ARCH = YES;
				SDKROOT = iphoneos;
			};
			name = Debug;
		};
		7E77C2E916C03EEB00E2E8AD /* Release */ = {
			isa = XCBuildConfiguration;
			buildSettings = {
				ALWAYS_SEARCH_USER_PATHS = NO;
				CLANG_CXX_LANGUAGE_STANDARD = "gnu++0x";
				CLANG_CXX_LIBRARY = "libc++";
				CLANG_ENABLE_OBJC_ARC = YES;
				CLANG_WARN_CONSTANT_CONVERSION = YES;
				CLANG_WARN_EMPTY_BODY = YES;
				CLANG_WARN_ENUM_CONVERSION = YES;
				CLANG_WARN_INT_CONVERSION = YES;
				CLANG_WARN__DUPLICATE_METHOD_MATCH = YES;
				"CODE_SIGN_IDENTITY[sdk=iphoneos*]" = "iPhone Developer";
				COPY_PHASE_STRIP = YES;
				GCC_C_LANGUAGE_STANDARD = gnu99;
				GCC_WARN_ABOUT_RETURN_TYPE = YES;
				GCC_WARN_UNINITIALIZED_AUTOS = YES;
				GCC_WARN_UNUSED_VARIABLE = YES;
				IPHONEOS_DEPLOYMENT_TARGET = 6.1;
				OTHER_CFLAGS = "-DNS_BLOCK_ASSERTIONS=1";
				SDKROOT = iphoneos;
				VALIDATE_PRODUCT = YES;
			};
			name = Release;
		};
		7E77C2EB16C03EEB00E2E8AD /* Debug */ = {
			isa = XCBuildConfiguration;
			buildSettings = {
				GCC_PRECOMPILE_PREFIX_HEADER = YES;
				GCC_PREFIX_HEADER = "Photos/Photos-Prefix.pch";
				INFOPLIST_FILE = "Photos/Photos-Info.plist";
				IPHONEOS_DEPLOYMENT_TARGET = 6.1;
				PRODUCT_NAME = "$(TARGET_NAME)";
				TARGETED_DEVICE_FAMILY = "1,2";
				WRAPPER_EXTENSION = app;
			};
			name = Debug;
		};
		7E77C2EC16C03EEB00E2E8AD /* Release */ = {
			isa = XCBuildConfiguration;
			buildSettings = {
				GCC_PRECOMPILE_PREFIX_HEADER = YES;
				GCC_PREFIX_HEADER = "Photos/Photos-Prefix.pch";
				INFOPLIST_FILE = "Photos/Photos-Info.plist";
				IPHONEOS_DEPLOYMENT_TARGET = 6.1;
				PRODUCT_NAME = "$(TARGET_NAME)";
				TARGETED_DEVICE_FAMILY = "1,2";
				WRAPPER_EXTENSION = app;
			};
			name = Release;
		};
/* End XCBuildConfiguration section */

/* Begin XCConfigurationList section */
		7E77C2C316C03EEB00E2E8AD /* Build configuration list for PBXProject "Photos" */ = {
			isa = XCConfigurationList;
			buildConfigurations = (
				7E77C2E816C03EEB00E2E8AD /* Debug */,
				7E77C2E916C03EEB00E2E8AD /* Release */,
			);
			defaultConfigurationIsVisible = 0;
			defaultConfigurationName = Release;
		};
		7E77C2EA16C03EEB00E2E8AD /* Build configuration list for PBXNativeTarget "Photos" */ = {
			isa = XCConfigurationList;
			buildConfigurations = (
				7E77C2EB16C03EEB00E2E8AD /* Debug */,
				7E77C2EC16C03EEB00E2E8AD /* Release */,
			);
			defaultConfigurationIsVisible = 0;
			defaultConfigurationName = Release;
		};
/* End XCConfigurationList section */

/* Begin XCVersionGroup section */
		7E77C2E516C03EEB00E2E8AD /* Photos.xcdatamodeld */ = {
			isa = XCVersionGroup;
			children = (
				7E77C2E616C03EEB00E2E8AD /* Photos.xcdatamodel */,
			);
			currentVersion = 7E77C2E616C03EEB00E2E8AD /* Photos.xcdatamodel */;
			path = Photos.xcdatamodeld;
			sourceTree = "<group>";
			versionGroupType = wrapper.xcdatamodel;
		};
/* End XCVersionGroup section */
	};
	rootObject = 7E77C2C016C03EEB00E2E8AD /* Project object */;
}
